
Microsoft Visual Studio Solution File, Format Version 12.00
# Visual Studio 2012
Project("{FAE04EC0-301F-11D3-BF4B-00C04F79EFBC}") = "Naxam.SquareUp.Okio", "Naxam.SquareUp.Okio\Naxam.SquareUp.Okio.csproj", "{41DAE16A-052E-4755-AA8D-714B4157EB8E}"
EndProject
Global
	GlobalSection(SolutionConfigurationPlatforms) = preSolution
		Debug|Any CPU = Debug|Any CPU
		Release|Any CPU = Release|Any CPU
	EndGlobalSection
	GlobalSection(ProjectConfigurationPlatforms) = postSolution
		{41DAE16A-052E-4755-AA8D-714B4157EB8E}.Debug|Any CPU.ActiveCfg = Debug|Any CPU
		{41DAE16A-052E-4755-AA8D-714B4157EB8E}.Debug|Any CPU.Build.0 = Debug|Any CPU
		{41DAE16A-052E-4755-AA8D-714B4157EB8E}.Release|Any CPU.ActiveCfg = Release|Any CPU
		{41DAE16A-052E-4755-AA8D-714B4157EB8E}.Release|Any CPU.Build.0 = Release|Any CPU
	EndGlobalSection
EndGlobal
